
Microsoft Visual Studio Solution File, Format Version 12.00
# Visual Studio Version 16
VisualStudioVersion = 16.0.35425.106
MinimumVisualStudioVersion = 10.0.40219.1
Project("{FAE04EC0-301F-11D3-BF4B-00C04F79EFBC}") = "ProjectPoliklinik_Servis_Final", "ProjectPoliklinik_Servis_Final\ProjectPoliklinik_Servis_Final.csproj", "{38ABBFA5-0A5C-48D4-B6D6-5EFAC0F9F183}"
EndProject
Global
	GlobalSection(SolutionConfigurationPlatforms) = preSolution
		Debug|Any CPU = Debug|Any CPU
		Release|Any CPU = Release|Any CPU
	EndGlobalSection
	GlobalSection(ProjectConfigurationPlatforms) = postSolution
		{38ABBFA5-0A5C-48D4-B6D6-5EFAC0F9F183}.Debug|Any CPU.ActiveCfg = Debug|Any CPU
		{38ABBFA5-0A5C-48D4-B6D6-5EFAC0F9F183}.Debug|Any CPU.Build.0 = Debug|Any CPU
		{38ABBFA5-0A5C-48D4-B6D6-5EFAC0F9F183}.Release|Any CPU.ActiveCfg = Release|Any CPU
		{38ABBFA5-0A5C-48D4-B6D6-5EFAC0F9F183}.Release|Any CPU.Build.0 = Release|Any CPU
	EndGlobalSection
	GlobalSection(SolutionProperties) = preSolution
		HideSolutionNode = FALSE
	EndGlobalSection
	GlobalSection(ExtensibilityGlobals) = postSolution
		SolutionGuid = {E2808E60-21B4-46F0-9E44-5A25AA71CBA2}
	EndGlobalSection
EndGlobal
